// !$*UTF8*$!
{
	archiveVersion = 1;
	classes = {
	};
	objectVersion = 46;
	objects = {

/* Begin PBXBuildFile section */
		D5D033361E63EE2A00BC17C8 /* main.m in Sources */ = {isa = PBXBuildFile; fileRef = D5D033351E63EE2A00BC17C8 /* main.m */; };
		D5D033391E63EE2A00BC17C8 /* AppDelegate.m in Sources */ = {isa = PBXBuildFile; fileRef = D5D033381E63EE2A00BC17C8 /* AppDelegate.m */; };
		D5D0333C1E63EE2A00BC17C8 /* ViewController.m in Sources */ = {isa = PBXBuildFile; fileRef = D5D0333B1E63EE2A00BC17C8 /* ViewController.m */; };
		D5D0333F1E63EE2A00BC17C8 /* Main.storyboard in Resources */ = {isa = PBXBuildFile; fileRef = D5D0333D1E63EE2A00BC17C8 /* Main.storyboard */; };
		D5D033411E63EE2A00BC17C8 /* Assets.xcassets in Resources */ = {isa = PBXBuildFile; fileRef = D5D033401E63EE2A00BC17C8 /* Assets.xcassets */; };
		D5D033441E63EE2A00BC17C8 /* LaunchScreen.storyboard in Resources */ = {isa = PBXBuildFile; fileRef = D5D033421E63EE2A00BC17C8 /* LaunchScreen.storyboard */; };
		D5D0334D1E63EE3900BC17C8 /* XMViewController.m in Sources */ = {isa = PBXBuildFile; fileRef = D5D0334C1E63EE3900BC17C8 /* XMViewController.m */; };
/* End PBXBuildFile section */

/* Begin PBXFileReference section */
		D5D033311E63EE2A00BC17C8 /* delegateTest.app */ = {isa = PBXFileReference; explicitFileType = wrapper.application; includeInIndex = 0; path = delegateTest.app; sourceTree = BUILT_PRODUCTS_DIR; };
		D5D033351E63EE2A00BC17C8 /* main.m */ = {isa = PBXFileReference; lastKnownFileType = sourcecode.c.objc; path = main.m; sourceTree = "<group>"; };
		D5D033371E63EE2A00BC17C8 /* AppDelegate.h */ = {isa = PBXFileReference; lastKnownFileType = sourcecode.c.h; path = AppDelegate.h; sourceTree = "<group>"; };
		D5D033381E63EE2A00BC17C8 /* AppDelegate.m */ = {isa = PBXFileReference; lastKnownFileType = sourcecode.c.objc; path = AppDelegate.m; sourceTree = "<group>"; };
		D5D0333A1E63EE2A00BC17C8 /* ViewController.h */ = {isa = PBXFileReference; lastKnownFileType = sourcecode.c.h; path = ViewController.h; sourceTree = "<group>"; };
		D5D0333B1E63EE2A00BC17C8 /* ViewController.m */ = {isa = PBXFileReference; lastKnownFileType = sourcecode.c.objc; path = ViewController.m; sourceTree = "<group>"; };
		D5D0333E1E63EE2A00BC17C8 /* Base */ = {isa = PBXFileReference; lastKnownFileType = file.storyboard; name = Base; path = Base.lproj/Main.storyboard; sourceTree = "<group>"; };
		D5D033401E63EE2A00BC17C8 /* Assets.xcassets */ = {isa = PBXFileReference; lastKnownFileType = folder.assetcatalog; path = Assets.xcassets; sourceTree = "<group>"; };
		D5D033431E63EE2A00BC17C8 /* Base */ = {isa = PBXFileReference; lastKnownFileType = file.storyboard; name = Base; path = Base.lproj/LaunchScreen.storyboard; sourceTree = "<group>"; };
		D5D033451E63EE2A00BC17C8 /* Info.plist */ = {isa = PBXFileReference; lastKnownFileType = text.plist.xml; path = Info.plist; sourceTree = "<group>"; };
		D5D0334B1E63EE3900BC17C8 /* XMViewController.h */ = {isa = PBXFileReference; fileEncoding = 4; lastKnownFileType = sourcecode.c.h; path = XMViewController.h; sourceTree = "<group>"; };
		D5D0334C1E63EE3900BC17C8 /* XMViewController.m */ = {isa = PBXFileReference; fileEncoding = 4; lastKnownFileType = sourcecode.c.objc; path = XMViewController.m; sourceTree = "<group>"; };
/* End PBXFileReference section */

/* Begin PBXFrameworksBuildPhase section */
		D5D0332E1E63EE2A00BC17C8 /* Frameworks */ = {
			isa = PBXFrameworksBuildPhase;
			buildActionMask = 2147483647;
			files = (
			);
			runOnlyForDeploymentPostprocessing = 0;
		};
/* End PBXFrameworksBuildPhase section */

/* Begin PBXGroup section */
		D5D033281E63EE2A00BC17C8 = {
			isa = PBXGroup;
			children = (
				D5D033331E63EE2A00BC17C8 /* delegateTest */,
				D5D033321E63EE2A00BC17C8 /* Products */,
			);
			sourceTree = "<group>";
		};
		D5D033321E63EE2A00BC17C8 /* Products */ = {
			isa = PBXGroup;
			children = (
				D5D033311E63EE2A00BC17C8 /* delegateTest.app */,
			);
			name = Products;
			sourceTree = "<group>";
		};
		D5D033331E63EE2A00BC17C8 /* delegateTest */ = {
			isa = PBXGroup;
			children = (
				D5D033371E63EE2A00BC17C8 /* AppDelegate.h */,
				D5D033381E63EE2A00BC17C8 /* AppDelegate.m */,
				D5D0333A1E63EE2A00BC17C8 /* ViewController.h */,
				D5D0333B1E63EE2A00BC17C8 /* ViewController.m */,
				D5D0334B1E63EE3900BC17C8 /* XMViewController.h */,
				D5D0334C1E63EE3900BC17C8 /* XMViewController.m */,
				D5D0333D1E63EE2A00BC17C8 /* Main.storyboard */,
				D5D033401E63EE2A00BC17C8 /* Assets.xcassets */,
				D5D033421E63EE2A00BC17C8 /* LaunchScreen.storyboard */,
				D5D033451E63EE2A00BC17C8 /* Info.plist */,
				D5D033341E63EE2A00BC17C8 /* Supporting Files */,
			);
			path = delegateTest;
			sourceTree = "<group>";
		};
		D5D033341E63EE2A00BC17C8 /* Supporting Files */ = {
			isa = PBXGroup;
			children = (
				D5D033351E63EE2A00BC17C8 /* main.m */,
			);
			name = "Supporting Files";
			sourceTree = "<group>";
		};
/* End PBXGroup section */

/* Begin PBXNativeTarget section */
		D5D033301E63EE2A00BC17C8 /* delegateTest */ = {
			isa = PBXNativeTarget;
			buildConfigurationList = D5D033481E63EE2A00BC17C8 /* Build configuration list for PBXNativeTarget "delegateTest" */;
			buildPhases = (
				D5D0332D1E63EE2A00BC17C8 /* Sources */,
				D5D0332E1E63EE2A00BC17C8 /* Frameworks */,
				D5D0332F1E63EE2A00BC17C8 /* Resources */,
			);
			buildRules = (
			);
			dependencies = (
			);
			name = delegateTest;
			productName = delegateTest;
			productReference = D5D033311E63EE2A00BC17C8 /* delegateTest.app */;
			productType = "com.apple.product-type.application";
		};
/* End PBXNativeTarget section */

/* Begin PBXProject section */
		D5D033291E63EE2A00BC17C8 /* Project object */ = {
			isa = PBXProject;
			attributes = {
				LastUpgradeCheck = 0800;
				ORGANIZATIONNAME = XM;
				TargetAttributes = {
					D5D033301E63EE2A00BC17C8 = {
						CreatedOnToolsVersion = 8.0;
						ProvisioningStyle = Automatic;
					};
				};
			};
			buildConfigurationList = D5D0332C1E63EE2A00BC17C8 /* Build configuration list for PBXProject "delegateTest" */;
			compatibilityVersion = "Xcode 3.2";
			developmentRegion = English;
			hasScannedForEncodings = 0;
			knownRegions = (
				en,
				Base,
			);
			mainGroup = D5D033281E63EE2A00BC17C8;
			productRefGroup = D5D033321E63EE2A00BC17C8 /* Products */;
			projectDirPath = "";
			projectRoot = "";
			targets = (
				D5D033301E63EE2A00BC17C8 /* delegateTest */,
			);
		};
/* End PBXProject section */

/* Begin PBXResourcesBuildPhase section */
		D5D0332F1E63EE2A00BC17C8 /* Resources */ = {
			isa = PBXResourcesBuildPhase;
			buildActionMask = 2147483647;
			files = (
				D5D033441E63EE2A00BC17C8 /* LaunchScreen.storyboard in Resources */,
				D5D033411E63EE2A00BC17C8 /* Assets.xcassets in Resources */,
				D5D0333F1E63EE2A00BC17C8 /* Main.storyboard in Resources */,
			);
			runOnlyForDeploymentPostprocessing = 0;
		};
/* End PBXResourcesBuildPhase section */

/* Begin PBXSourcesBuildPhase section */
		D5D0332D1E63EE2A00BC17C8 /* Sources */ = {
			isa = PBXSourcesBuildPhase;
			buildActionMask = 2147483647;
			files = (
				D5D0333C1E63EE2A00BC17C8 /* ViewController.m in Sources */,
				D5D0334D1E63EE3900BC17C8 /* XMViewController.m in Sources */,
				D5D033391E63EE2A00BC17C8 /* AppDelegate.m in Sources */,
				D5D033361E63EE2A00BC17C8 /* main.m in Sources */,
			);
			runOnlyForDeploymentPostprocessing = 0;
		};
/* End PBXSourcesBuildPhase section */

/* Begin PBXVariantGroup section */
		D5D0333D1E63EE2A00BC17C8 /* Main.storyboard */ = {
			isa = PBXVariantGroup;
			children = (
				D5D0333E1E63EE2A00BC17C8 /* Base */,
			);
			name = Main.storyboard;
			sourceTree = "<group>";
		};
		D5D033421E63EE2A00BC17C8 /* LaunchScreen.storyboard */ = {
			isa = PBXVariantGroup;
			children = (
				D5D033431E63EE2A00BC17C8 /* Base */,
			);
			name = LaunchScreen.storyboard;
			sourceTree = "<group>";
		};
/* End PBXVariantGroup section */

/* Begin XCBuildConfiguration section */
		D5D033461E63EE2A00BC17C8 /* Debug */ = {
			isa = XCBuildConfiguration;
			buildSettings = {
				ALWAYS_SEARCH_USER_PATHS = NO;
				CLANG_ANALYZER_NONNULL = YES;
				CLANG_CXX_LANGUAGE_STANDARD = "gnu++0x";
				CLANG_CXX_LIBRARY = "libc++";
				CLANG_ENABLE_MODULES = YES;
				CLANG_ENABLE_OBJC_ARC = YES;
				CLANG_WARN_BOOL_CONVERSION = YES;
				CLANG_WARN_CONSTANT_CONVERSION = YES;
				CLANG_WARN_DIRECT_OBJC_ISA_USAGE = YES_ERROR;
				CLANG_WARN_DOCUMENTATION_COMMENTS = YES;
				CLANG_WARN_EMPTY_BODY = YES;
				CLANG_WARN_ENUM_CONVERSION = YES;
				CLANG_WARN_INFINITE_RECURSION = YES;
				CLANG_WARN_INT_CONVERSION = YES;
				CLANG_WARN_OBJC_ROOT_CLASS = YES_ERROR;
				CLANG_WARN_SUSPICIOUS_MOVES = YES;
				CLANG_WARN_UNREACHABLE_CODE = YES;
				CLANG_WARN__DUPLICATE_METHOD_MATCH = YES;
				"CODE_SIGN_IDENTITY[sdk=iphoneos*]" = "iPhone Developer";
				COPY_PHASE_STRIP = NO;
				DEBUG_INFORMATION_FORMAT = dwarf;
				ENABLE_STRICT_OBJC_MSGSEND = YES;
				ENABLE_TESTABILITY = YES;
				GCC_C_LANGUAGE_STANDARD = gnu99;
				GCC_DYNAMIC_NO_PIC = NO;
				GCC_NO_COMMON_BLOCKS = YES;
				GCC_OPTIMIZATION_LEVEL = 0;
				GCC_PREPROCESSOR_DEFINITIONS = (
					"DEBUG=1",
					"$(inherited)",
				);
				GCC_WARN_64_TO_32_BIT_CONVERSION = YES;
				GCC_WARN_ABOUT_RETURN_TYPE = YES_ERROR;
				GCC_WARN_UNDECLARED_SELECTOR = YES;
				GCC_WARN_UNINITIALIZED_AUTOS = YES_AGGRESSIVE;
				GCC_WARN_UNUSED_FUNCTION = YES;
				GCC_WARN_UNUSED_VARIABLE = YES;
				IPHONEOS_DEPLOYMENT_TARGET = 10.0;
				MTL_ENABLE_DEBUG_INFO = YES;
				ONLY_ACTIVE_ARCH = YES;
				SDKROOT = iphoneos;
			};
			name = Debug;
		};
		D5D033471E63EE2A00BC17C8 /* Release */ = {
			isa = XCBuildConfiguration;
			buildSettings = {
				ALWAYS_SEARCH_USER_PATHS = NO;
				CLANG_ANALYZER_NONNULL = YES;
				CLANG_CXX_LANGUAGE_STANDARD = "gnu++0x";
				CLANG_CXX_LIBRARY = "libc++";
				CLANG_ENABLE_MODULES = YES;
				CLANG_ENABLE_OBJC_ARC = YES;
				CLANG_WARN_BOOL_CONVERSION = YES;
				CLANG_WARN_CONSTANT_CONVERSION = YES;
				CLANG_WARN_DIRECT_OBJC_ISA_USAGE = YES_ERROR;
				CLANG_WARN_DOCUMENTATION_COMMENTS = YES;
				CLANG_WARN_EMPTY_BODY = YES;
				CLANG_WARN_ENUM_CONVERSION = YES;
				CLANG_WARN_INFINITE_RECURSION = YES;
				CLANG_WARN_INT_CONVERSION = YES;
				CLANG_WARN_OBJC_ROOT_CLASS = YES_ERROR;
				CLANG_WARN_SUSPICIOUS_MOVES = YES;
				CLANG_WARN_UNREACHABLE_CODE = YES;
				CLANG_WARN__DUPLICATE_METHOD_MATCH = YES;
				"CODE_SIGN_IDENTITY[sdk=iphoneos*]" = "iPhone Developer";
				COPY_PHASE_STRIP = NO;
				DEBUG_INFORMATION_FORMAT = "dwarf-with-dsym";
				ENABLE_NS_ASSERTIONS = NO;
				ENABLE_STRICT_OBJC_MSGSEND = YES;
				GCC_C_LANGUAGE_STANDARD = gnu99;
				GCC_NO_COMMON_BLOCKS = YES;
				GCC_WARN_64_TO_32_BIT_CONVERSION = YES;
				GCC_WARN_ABOUT_RETURN_TYPE = YES_ERROR;
				GCC_WARN_UNDECLARED_SELECTOR = YES;
				GCC_WARN_UNINITIALIZED_AUTOS = YES_AGGRESSIVE;
				GCC_WARN_UNUSED_FUNCTION = YES;
				GCC_WARN_UNUSED_VARIABLE = YES;
				IPHONEOS_DEPLOYMENT_TARGET = 10.0;
				MTL_ENABLE_DEBUG_INFO = NO;
				SDKROOT = iphoneos;
				VALIDATE_PRODUCT = YES;
			};
			name = Release;
		};
		D5D033491E63EE2A00BC17C8 /* Debug */ = {
			isa = XCBuildConfiguration;
			buildSettings = {
				ASSETCATALOG_COMPILER_APPICON_NAME = AppIcon;
				INFOPLIST_FILE = delegateTest/Info.plist;
				LD_RUNPATH_SEARCH_PATHS = "$(inherited) @executable_path/Frameworks";
				PRODUCT_BUNDLE_IDENTIFIER = com.xiamu.delegateTest;
				PRODUCT_NAME = "$(TARGET_NAME)";
			};
			name = Debug;
		};
		D5D0334A1E63EE2A00BC17C8 /* Release */ = {
			isa = XCBuildConfiguration;
			buildSettings = {
				ASSETCATALOG_COMPILER_APPICON_NAME = AppIcon;
				INFOPLIST_FILE = delegateTest/Info.plist;
				LD_RUNPATH_SEARCH_PATHS = "$(inherited) @executable_path/Frameworks";
				PRODUCT_BUNDLE_IDENTIFIER = com.xiamu.delegateTest;
				PRODUCT_NAME = "$(TARGET_NAME)";
			};
			name = Release;
		};
/* End XCBuildConfiguration section */

/* Begin XCConfigurationList section */
		D5D0332C1E63EE2A00BC17C8 /* Build configuration list for PBXProject "delegateTest" */ = {
			isa = XCConfigurationList;
			buildConfigurations = (
				D5D033461E63EE2A00BC17C8 /* Debug */,
				D5D033471E63EE2A00BC17C8 /* Release */,
			);
			defaultConfigurationIsVisible = 0;
			defaultConfigurationName = Release;
		};
		D5D033481E63EE2A00BC17C8 /* Build configuration list for PBXNativeTarget "delegateTest" */ = {
			isa = XCConfigurationList;
			buildConfigurations = (
				D5D033491E63EE2A00BC17C8 /* Debug */,
				D5D0334A1E63EE2A00BC17C8 /* Release */,
			);
			defaultConfigurationIsVisible = 0;
		};
/* End XCConfigurationList section */
	};
	rootObject = D5D033291E63EE2A00BC17C8 /* Project object */;
}
